
Microsoft Visual Studio Solution File, Format Version 12.00
# Visual Studio 14
VisualStudioVersion = 14.0.25123.0
MinimumVisualStudioVersion = 10.0.40219.1
Project("{FAE04EC0-301F-11D3-BF4B-00C04F79EFBC}") = "Bud.Option", "Bud.Option\Bud.Option.csproj", "{594DC304-3A8A-43FC-BE7D-71D8C603014A}"
EndProject
Project("{FAE04EC0-301F-11D3-BF4B-00C04F79EFBC}") = "Bud.Option.Test", "Bud.Option.Test\Bud.Option.Test.csproj", "{CC20DA6A-455A-431D-807C-9E5533DBF633}"
EndProject
Global
	GlobalSection(SolutionConfigurationPlatforms) = preSolution
		Debug|Any CPU = Debug|Any CPU
		Release|Any CPU = Release|Any CPU
	EndGlobalSection
	GlobalSection(ProjectConfigurationPlatforms) = postSolution
		{594DC304-3A8A-43FC-BE7D-71D8C603014A}.Debug|Any CPU.ActiveCfg = Debug|Any CPU
		{594DC304-3A8A-43FC-BE7D-71D8C603014A}.Debug|Any CPU.Build.0 = Debug|Any CPU
		{594DC304-3A8A-43FC-BE7D-71D8C603014A}.Release|Any CPU.ActiveCfg = Release|Any CPU
		{594DC304-3A8A-43FC-BE7D-71D8C603014A}.Release|Any CPU.Build.0 = Release|Any CPU
		{CC20DA6A-455A-431D-807C-9E5533DBF633}.Debug|Any CPU.ActiveCfg = Debug|Any CPU
		{CC20DA6A-455A-431D-807C-9E5533DBF633}.Debug|Any CPU.Build.0 = Debug|Any CPU
		{CC20DA6A-455A-431D-807C-9E5533DBF633}.Release|Any CPU.ActiveCfg = Release|Any CPU
		{CC20DA6A-455A-431D-807C-9E5533DBF633}.Release|Any CPU.Build.0 = Release|Any CPU
	EndGlobalSection
	GlobalSection(SolutionProperties) = preSolution
		HideSolutionNode = FALSE
	EndGlobalSection
EndGlobal
